{
  "name": "nodeserveur",
  "version": "1.0.0",
  "lockfileVersion": 3,
  "requires": true,
  "packages": {
    "": {
      "name": "nodeserveur",
      "version": "1.0.0",
      "license": "ISC",
      "dependencies": {
        "argjson": "^1.1.1",
        "uuid": "^9.0.1"
      }
    },
    "node_modules/argjson": {
      "version": "1.1.1",
      "resolved": "https://registry.npmjs.org/argjson/-/argjson-1.1.1.tgz",
      "integrity": "sha512-U++X6d78e6vRz3MwAi7UT/GNzN0gUxQmT/OuO27LwHv4AFGFN/N5y6/qGgiMC7fDJapZ14U5b1BXTiVZCZjEaA=="
    },
    "node_modules/uuid": {
      "version": "9.0.1",
      "resolved": "https://registry.npmjs.org/uuid/-/uuid-9.0.1.tgz",
      "integrity": "sha512-b+1eJOlsR9K8HJpow9Ok3fiWOWSIcIzXodvv0rQjVoOVNpWMpxf1wZNpt4y9h10odCNrqnYp1OBzRktckBe3sA==",
      "funding": [
        "https://github.com/sponsors/broofa",
        "https://github.com/sponsors/ctavan"
      ],
      "bin": {
        "uuid": "dist/bin/uuid"
      }
    }
  }
}
