{
  "name": "nodeserveur",
  "version": "1.0.0",
  "lockfileVersion": 3,
  "requires": true,
  "packages": {
    "": {
      "name": "nodeserveur",
      "version": "1.0.0",
      "license": "ISC",
      "dependencies": {
        "argjson": "^1.1.1"
      }
    },
    "node_modules/argjson": {
      "version": "1.1.1",
      "resolved": "https://registry.npmjs.org/argjson/-/argjson-1.1.1.tgz",
      "integrity": "sha512-U++X6d78e6vRz3MwAi7UT/GNzN0gUxQmT/OuO27LwHv4AFGFN/N5y6/qGgiMC7fDJapZ14U5b1BXTiVZCZjEaA=="
    }
  }
}
